// !$*UTF8*$!
{
	archiveVersion = 1;
	classes = {
	};
	objectVersion = 48;
	objects = {

/* Begin PBXBuildFile section */
		C32FBB9F20E16245007AB3B8 /* AppDelegate.swift in Sources */ = {isa = PBXBuildFile; fileRef = C32FBB9E20E16245007AB3B8 /* AppDelegate.swift */; };
		C32FBBA120E16245007AB3B8 /* ViewController.swift in Sources */ = {isa = PBXBuildFile; fileRef = C32FBBA020E16245007AB3B8 /* ViewController.swift */; };
		C32FBBA420E16245007AB3B8 /* Main.storyboard in Resources */ = {isa = PBXBuildFile; fileRef = C32FBBA220E16245007AB3B8 /* Main.storyboard */; };
		C32FBBA620E16245007AB3B8 /* Assets.xcassets in Resources */ = {isa = PBXBuildFile; fileRef = C32FBBA520E16245007AB3B8 /* Assets.xcassets */; };
		C32FBBA920E16245007AB3B8 /* LaunchScreen.storyboard in Resources */ = {isa = PBXBuildFile; fileRef = C32FBBA720E16245007AB3B8 /* LaunchScreen.storyboard */; };
		C32FBBB420E16245007AB3B8 /* Table_ViewTests.swift in Sources */ = {isa = PBXBuildFile; fileRef = C32FBBB320E16245007AB3B8 /* Table_ViewTests.swift */; };
		C32FBBBF20E16246007AB3B8 /* Table_ViewUITests.swift in Sources */ = {isa = PBXBuildFile; fileRef = C32FBBBE20E16246007AB3B8 /* Table_ViewUITests.swift */; };
		C39BD84520E1751F00CB13B5 /* Cat.jpg in Resources */ = {isa = PBXBuildFile; fileRef = C39BD84420E1751F00CB13B5 /* Cat.jpg */; };
/* End PBXBuildFile section */

/* Begin PBXContainerItemProxy section */
		C32FBBB020E16245007AB3B8 /* PBXContainerItemProxy */ = {
			isa = PBXContainerItemProxy;
			containerPortal = C32FBB9320E16245007AB3B8 /* Project object */;
			proxyType = 1;
			remoteGlobalIDString = C32FBB9A20E16245007AB3B8;
			remoteInfo = "Table View";
		};
		C32FBBBB20E16245007AB3B8 /* PBXContainerItemProxy */ = {
			isa = PBXContainerItemProxy;
			containerPortal = C32FBB9320E16245007AB3B8 /* Project object */;
			proxyType = 1;
			remoteGlobalIDString = C32FBB9A20E16245007AB3B8;
			remoteInfo = "Table View";
		};
/* End PBXContainerItemProxy section */

/* Begin PBXFileReference section */
		C32FBB9B20E16245007AB3B8 /* Table View.app */ = {isa = PBXFileReference; explicitFileType = wrapper.application; includeInIndex = 0; path = "Table View.app"; sourceTree = BUILT_PRODUCTS_DIR; };
		C32FBB9E20E16245007AB3B8 /* AppDelegate.swift */ = {isa = PBXFileReference; lastKnownFileType = sourcecode.swift; path = AppDelegate.swift; sourceTree = "<group>"; };
		C32FBBA020E16245007AB3B8 /* ViewController.swift */ = {isa = PBXFileReference; lastKnownFileType = sourcecode.swift; path = ViewController.swift; sourceTree = "<group>"; };
		C32FBBA320E16245007AB3B8 /* Base */ = {isa = PBXFileReference; lastKnownFileType = file.storyboard; name = Base; path = Base.lproj/Main.storyboard; sourceTree = "<group>"; };
		C32FBBA520E16245007AB3B8 /* Assets.xcassets */ = {isa = PBXFileReference; lastKnownFileType = folder.assetcatalog; path = Assets.xcassets; sourceTree = "<group>"; };
		C32FBBA820E16245007AB3B8 /* Base */ = {isa = PBXFileReference; lastKnownFileType = file.storyboard; name = Base; path = Base.lproj/LaunchScreen.storyboard; sourceTree = "<group>"; };
		C32FBBAA20E16245007AB3B8 /* Info.plist */ = {isa = PBXFileReference; lastKnownFileType = text.plist.xml; path = Info.plist; sourceTree = "<group>"; };
		C32FBBAF20E16245007AB3B8 /* Table ViewTests.xctest */ = {isa = PBXFileReference; explicitFileType = wrapper.cfbundle; includeInIndex = 0; path = "Table ViewTests.xctest"; sourceTree = BUILT_PRODUCTS_DIR; };
		C32FBBB320E16245007AB3B8 /* Table_ViewTests.swift */ = {isa = PBXFileReference; lastKnownFileType = sourcecode.swift; path = Table_ViewTests.swift; sourceTree = "<group>"; };
		C32FBBB520E16245007AB3B8 /* Info.plist */ = {isa = PBXFileReference; lastKnownFileType = text.plist.xml; path = Info.plist; sourceTree = "<group>"; };
		C32FBBBA20E16245007AB3B8 /* Table ViewUITests.xctest */ = {isa = PBXFileReference; explicitFileType = wrapper.cfbundle; includeInIndex = 0; path = "Table ViewUITests.xctest"; sourceTree = BUILT_PRODUCTS_DIR; };
		C32FBBBE20E16246007AB3B8 /* Table_ViewUITests.swift */ = {isa = PBXFileReference; lastKnownFileType = sourcecode.swift; path = Table_ViewUITests.swift; sourceTree = "<group>"; };
		C32FBBC020E16246007AB3B8 /* Info.plist */ = {isa = PBXFileReference; lastKnownFileType = text.plist.xml; path = Info.plist; sourceTree = "<group>"; };
		C39BD84420E1751F00CB13B5 /* Cat.jpg */ = {isa = PBXFileReference; lastKnownFileType = image.jpeg; name = Cat.jpg; path = ../../../Downloads/Cat.jpg; sourceTree = "<group>"; };
/* End PBXFileReference section */

/* Begin PBXFrameworksBuildPhase section */
		C32FBB9820E16245007AB3B8 /* Frameworks */ = {
			isa = PBXFrameworksBuildPhase;
			buildActionMask = 2147483647;
			files = (
			);
			runOnlyForDeploymentPostprocessing = 0;
		};
		C32FBBAC20E16245007AB3B8 /* Frameworks */ = {
			isa = PBXFrameworksBuildPhase;
			buildActionMask = 2147483647;
			files = (
			);
			runOnlyForDeploymentPostprocessing = 0;
		};
		C32FBBB720E16245007AB3B8 /* Frameworks */ = {
			isa = PBXFrameworksBuildPhase;
			buildActionMask = 2147483647;
			files = (
			);
			runOnlyForDeploymentPostprocessing = 0;
		};
/* End PBXFrameworksBuildPhase section */

/* Begin PBXGroup section */
		C32FBB9220E16245007AB3B8 = {
			isa = PBXGroup;
			children = (
				C32FBB9D20E16245007AB3B8 /* Table View */,
				C32FBBB220E16245007AB3B8 /* Table ViewTests */,
				C32FBBBD20E16246007AB3B8 /* Table ViewUITests */,
				C32FBB9C20E16245007AB3B8 /* Products */,
			);
			sourceTree = "<group>";
		};
		C32FBB9C20E16245007AB3B8 /* Products */ = {
			isa = PBXGroup;
			children = (
				C32FBB9B20E16245007AB3B8 /* Table View.app */,
				C32FBBAF20E16245007AB3B8 /* Table ViewTests.xctest */,
				C32FBBBA20E16245007AB3B8 /* Table ViewUITests.xctest */,
			);
			name = Products;
			sourceTree = "<group>";
		};
		C32FBB9D20E16245007AB3B8 /* Table View */ = {
			isa = PBXGroup;
			children = (
				C39BD84420E1751F00CB13B5 /* Cat.jpg */,
				C32FBB9E20E16245007AB3B8 /* AppDelegate.swift */,
				C32FBBA020E16245007AB3B8 /* ViewController.swift */,
				C32FBBA220E16245007AB3B8 /* Main.storyboard */,
				C32FBBA520E16245007AB3B8 /* Assets.xcassets */,
				C32FBBA720E16245007AB3B8 /* LaunchScreen.storyboard */,
				C32FBBAA20E16245007AB3B8 /* Info.plist */,
			);
			path = "Table View";
			sourceTree = "<group>";
		};
		C32FBBB220E16245007AB3B8 /* Table ViewTests */ = {
			isa = PBXGroup;
			children = (
				C32FBBB320E16245007AB3B8 /* Table_ViewTests.swift */,
				C32FBBB520E16245007AB3B8 /* Info.plist */,
			);
			path = "Table ViewTests";
			sourceTree = "<group>";
		};
		C32FBBBD20E16246007AB3B8 /* Table ViewUITests */ = {
			isa = PBXGroup;
			children = (
				C32FBBBE20E16246007AB3B8 /* Table_ViewUITests.swift */,
				C32FBBC020E16246007AB3B8 /* Info.plist */,
			);
			path = "Table ViewUITests";
			sourceTree = "<group>";
		};
/* End PBXGroup section */

/* Begin PBXNativeTarget section */
		C32FBB9A20E16245007AB3B8 /* Table View */ = {
			isa = PBXNativeTarget;
			buildConfigurationList = C32FBBC320E16246007AB3B8 /* Build configuration list for PBXNativeTarget "Table View" */;
			buildPhases = (
				C32FBB9720E16245007AB3B8 /* Sources */,
				C32FBB9820E16245007AB3B8 /* Frameworks */,
				C32FBB9920E16245007AB3B8 /* Resources */,
			);
			buildRules = (
			);
			dependencies = (
			);
			name = "Table View";
			productName = "Table View";
			productReference = C32FBB9B20E16245007AB3B8 /* Table View.app */;
			productType = "com.apple.product-type.application";
		};
		C32FBBAE20E16245007AB3B8 /* Table ViewTests */ = {
			isa = PBXNativeTarget;
			buildConfigurationList = C32FBBC620E16246007AB3B8 /* Build configuration list for PBXNativeTarget "Table ViewTests" */;
			buildPhases = (
				C32FBBAB20E16245007AB3B8 /* Sources */,
				C32FBBAC20E16245007AB3B8 /* Frameworks */,
				C32FBBAD20E16245007AB3B8 /* Resources */,
			);
			buildRules = (
			);
			dependencies = (
				C32FBBB120E16245007AB3B8 /* PBXTargetDependency */,
			);
			name = "Table ViewTests";
			productName = "Table ViewTests";
			productReference = C32FBBAF20E16245007AB3B8 /* Table ViewTests.xctest */;
			productType = "com.apple.product-type.bundle.unit-test";
		};
		C32FBBB920E16245007AB3B8 /* Table ViewUITests */ = {
			isa = PBXNativeTarget;
			buildConfigurationList = C32FBBC920E16246007AB3B8 /* Build configuration list for PBXNativeTarget "Table ViewUITests" */;
			buildPhases = (
				C32FBBB620E16245007AB3B8 /* Sources */,
				C32FBBB720E16245007AB3B8 /* Frameworks */,
				C32FBBB820E16245007AB3B8 /* Resources */,
			);
			buildRules = (
			);
			dependencies = (
				C32FBBBC20E16245007AB3B8 /* PBXTargetDependency */,
			);
			name = "Table ViewUITests";
			productName = "Table ViewUITests";
			productReference = C32FBBBA20E16245007AB3B8 /* Table ViewUITests.xctest */;
			productType = "com.apple.product-type.bundle.ui-testing";
		};
/* End PBXNativeTarget section */

/* Begin PBXProject section */
		C32FBB9320E16245007AB3B8 /* Project object */ = {
			isa = PBXProject;
			attributes = {
				LastSwiftUpdateCheck = 0920;
				LastUpgradeCheck = 0920;
				ORGANIZATIONNAME = Administrator;
				TargetAttributes = {
					C32FBB9A20E16245007AB3B8 = {
						CreatedOnToolsVersion = 9.2;
						ProvisioningStyle = Automatic;
					};
					C32FBBAE20E16245007AB3B8 = {
						CreatedOnToolsVersion = 9.2;
						ProvisioningStyle = Automatic;
						TestTargetID = C32FBB9A20E16245007AB3B8;
					};
					C32FBBB920E16245007AB3B8 = {
						CreatedOnToolsVersion = 9.2;
						ProvisioningStyle = Automatic;
						TestTargetID = C32FBB9A20E16245007AB3B8;
					};
				};
			};
			buildConfigurationList = C32FBB9620E16245007AB3B8 /* Build configuration list for PBXProject "Table View" */;
			compatibilityVersion = "Xcode 8.0";
			developmentRegion = en;
			hasScannedForEncodings = 0;
			knownRegions = (
				en,
				Base,
			);
			mainGroup = C32FBB9220E16245007AB3B8;
			productRefGroup = C32FBB9C20E16245007AB3B8 /* Products */;
			projectDirPath = "";
			projectRoot = "";
			targets = (
				C32FBB9A20E16245007AB3B8 /* Table View */,
				C32FBBAE20E16245007AB3B8 /* Table ViewTests */,
				C32FBBB920E16245007AB3B8 /* Table ViewUITests */,
			);
		};
/* End PBXProject section */

/* Begin PBXResourcesBuildPhase section */
		C32FBB9920E16245007AB3B8 /* Resources */ = {
			isa = PBXResourcesBuildPhase;
			buildActionMask = 2147483647;
			files = (
				C32FBBA920E16245007AB3B8 /* LaunchScreen.storyboard in Resources */,
				C32FBBA620E16245007AB3B8 /* Assets.xcassets in Resources */,
				C39BD84520E1751F00CB13B5 /* Cat.jpg in Resources */,
				C32FBBA420E16245007AB3B8 /* Main.storyboard in Resources */,
			);
			runOnlyForDeploymentPostprocessing = 0;
		};
		C32FBBAD20E16245007AB3B8 /* Resources */ = {
			isa = PBXResourcesBuildPhase;
			buildActionMask = 2147483647;
			files = (
			);
			runOnlyForDeploymentPostprocessing = 0;
		};
		C32FBBB820E16245007AB3B8 /* Resources */ = {
			isa = PBXResourcesBuildPhase;
			buildActionMask = 2147483647;
			files = (
			);
			runOnlyForDeploymentPostprocessing = 0;
		};
/* End PBXResourcesBuildPhase section */

/* Begin PBXSourcesBuildPhase section */
		C32FBB9720E16245007AB3B8 /* Sources */ = {
			isa = PBXSourcesBuildPhase;
			buildActionMask = 2147483647;
			files = (
				C32FBBA120E16245007AB3B8 /* ViewController.swift in Sources */,
				C32FBB9F20E16245007AB3B8 /* AppDelegate.swift in Sources */,
			);
			runOnlyForDeploymentPostprocessing = 0;
		};
		C32FBBAB20E16245007AB3B8 /* Sources */ = {
			isa = PBXSourcesBuildPhase;
			buildActionMask = 2147483647;
			files = (
				C32FBBB420E16245007AB3B8 /* Table_ViewTests.swift in Sources */,
			);
			runOnlyForDeploymentPostprocessing = 0;
		};
		C32FBBB620E16245007AB3B8 /* Sources */ = {
			isa = PBXSourcesBuildPhase;
			buildActionMask = 2147483647;
			files = (
				C32FBBBF20E16246007AB3B8 /* Table_ViewUITests.swift in Sources */,
			);
			runOnlyForDeploymentPostprocessing = 0;
		};
/* End PBXSourcesBuildPhase section */

/* Begin PBXTargetDependency section */
		C32FBBB120E16245007AB3B8 /* PBXTargetDependency */ = {
			isa = PBXTargetDependency;
			target = C32FBB9A20E16245007AB3B8 /* Table View */;
			targetProxy = C32FBBB020E16245007AB3B8 /* PBXContainerItemProxy */;
		};
		C32FBBBC20E16245007AB3B8 /* PBXTargetDependency */ = {
			isa = PBXTargetDependency;
			target = C32FBB9A20E16245007AB3B8 /* Table View */;
			targetProxy = C32FBBBB20E16245007AB3B8 /* PBXContainerItemProxy */;
		};
/* End PBXTargetDependency section */

/* Begin PBXVariantGroup section */
		C32FBBA220E16245007AB3B8 /* Main.storyboard */ = {
			isa = PBXVariantGroup;
			children = (
				C32FBBA320E16245007AB3B8 /* Base */,
			);
			name = Main.storyboard;
			sourceTree = "<group>";
		};
		C32FBBA720E16245007AB3B8 /* LaunchScreen.storyboard */ = {
			isa = PBXVariantGroup;
			children = (
				C32FBBA820E16245007AB3B8 /* Base */,
			);
			name = LaunchScreen.storyboard;
			sourceTree = "<group>";
		};
/* End PBXVariantGroup section */

/* Begin XCBuildConfiguration section */
		C32FBBC120E16246007AB3B8 /* Debug */ = {
			isa = XCBuildConfiguration;
			buildSettings = {
				ALWAYS_SEARCH_USER_PATHS = NO;
				CLANG_ANALYZER_NONNULL = YES;
				CLANG_ANALYZER_NUMBER_OBJECT_CONVERSION = YES_AGGRESSIVE;
				CLANG_CXX_LANGUAGE_STANDARD = "gnu++14";
				CLANG_CXX_LIBRARY = "libc++";
				CLANG_ENABLE_MODULES = YES;
				CLANG_ENABLE_OBJC_ARC = YES;
				CLANG_WARN_BLOCK_CAPTURE_AUTORELEASING = YES;
				CLANG_WARN_BOOL_CONVERSION = YES;
				CLANG_WARN_COMMA = YES;
				CLANG_WARN_CONSTANT_CONVERSION = YES;
				CLANG_WARN_DIRECT_OBJC_ISA_USAGE = YES_ERROR;
				CLANG_WARN_DOCUMENTATION_COMMENTS = YES;
				CLANG_WARN_EMPTY_BODY = YES;
				CLANG_WARN_ENUM_CONVERSION = YES;
				CLANG_WARN_INFINITE_RECURSION = YES;
				CLANG_WARN_INT_CONVERSION = YES;
				CLANG_WARN_NON_LITERAL_NULL_CONVERSION = YES;
				CLANG_WARN_OBJC_LITERAL_CONVERSION = YES;
				CLANG_WARN_OBJC_ROOT_CLASS = YES_ERROR;
				CLANG_WARN_RANGE_LOOP_ANALYSIS = YES;
				CLANG_WARN_STRICT_PROTOTYPES = YES;
				CLANG_WARN_SUSPICIOUS_MOVE = YES;
				CLANG_WARN_UNGUARDED_AVAILABILITY = YES_AGGRESSIVE;
				CLANG_WARN_UNREACHABLE_CODE = YES;
				CLANG_WARN__DUPLICATE_METHOD_MATCH = YES;
				CODE_SIGN_IDENTITY = "iPhone Developer";
				COPY_PHASE_STRIP = NO;
				DEBUG_INFORMATION_FORMAT = dwarf;
				ENABLE_STRICT_OBJC_MSGSEND = YES;
				ENABLE_TESTABILITY = YES;
				GCC_C_LANGUAGE_STANDARD = gnu11;
				GCC_DYNAMIC_NO_PIC = NO;
				GCC_NO_COMMON_BLOCKS = YES;
				GCC_OPTIMIZATION_LEVEL = 0;
				GCC_PREPROCESSOR_DEFINITIONS = (
					"DEBUG=1",
					"$(inherited)",
				);
				GCC_WARN_64_TO_32_BIT_CONVERSION = YES;
				GCC_WARN_ABOUT_RETURN_TYPE = YES_ERROR;
				GCC_WARN_UNDECLARED_SELECTOR = YES;
				GCC_WARN_UNINITIALIZED_AUTOS = YES_AGGRESSIVE;
				GCC_WARN_UNUSED_FUNCTION = YES;
				GCC_WARN_UNUSED_VARIABLE = YES;
				IPHONEOS_DEPLOYMENT_TARGET = 11.2;
				MTL_ENABLE_DEBUG_INFO = YES;
				ONLY_ACTIVE_ARCH = YES;
				SDKROOT = iphoneos;
				SWIFT_ACTIVE_COMPILATION_CONDITIONS = DEBUG;
				SWIFT_OPTIMIZATION_LEVEL = "-Onone";
			};
			name = Debug;
		};
		C32FBBC220E16246007AB3B8 /* Release */ = {
			isa = XCBuildConfiguration;
			buildSettings = {
				ALWAYS_SEARCH_USER_PATHS = NO;
				CLANG_ANALYZER_NONNULL = YES;
				CLANG_ANALYZER_NUMBER_OBJECT_CONVERSION = YES_AGGRESSIVE;
				CLANG_CXX_LANGUAGE_STANDARD = "gnu++14";
				CLANG_CXX_LIBRARY = "libc++";
				CLANG_ENABLE_MODULES = YES;
				CLANG_ENABLE_OBJC_ARC = YES;
				CLANG_WARN_BLOCK_CAPTURE_AUTORELEASING = YES;
				CLANG_WARN_BOOL_CONVERSION = YES;
				CLANG_WARN_COMMA = YES;
				CLANG_WARN_CONSTANT_CONVERSION = YES;
				CLANG_WARN_DIRECT_OBJC_ISA_USAGE = YES_ERROR;
				CLANG_WARN_DOCUMENTATION_COMMENTS = YES;
				CLANG_WARN_EMPTY_BODY = YES;
				CLANG_WARN_ENUM_CONVERSION = YES;
				CLANG_WARN_INFINITE_RECURSION = YES;
				CLANG_WARN_INT_CONVERSION = YES;
				CLANG_WARN_NON_LITERAL_NULL_CONVERSION = YES;
				CLANG_WARN_OBJC_LITERAL_CONVERSION = YES;
				CLANG_WARN_OBJC_ROOT_CLASS = YES_ERROR;
				CLANG_WARN_RANGE_LOOP_ANALYSIS = YES;
				CLANG_WARN_STRICT_PROTOTYPES = YES;
				CLANG_WARN_SUSPICIOUS_MOVE = YES;
				CLANG_WARN_UNGUARDED_AVAILABILITY = YES_AGGRESSIVE;
				CLANG_WARN_UNREACHABLE_CODE = YES;
				CLANG_WARN__DUPLICATE_METHOD_MATCH = YES;
				CODE_SIGN_IDENTITY = "iPhone Developer";
				COPY_PHASE_STRIP = NO;
				DEBUG_INFORMATION_FORMAT = "dwarf-with-dsym";
				ENABLE_NS_ASSERTIONS = NO;
				ENABLE_STRICT_OBJC_MSGSEND = YES;
				GCC_C_LANGUAGE_STANDARD = gnu11;
				GCC_NO_COMMON_BLOCKS = YES;
				GCC_WARN_64_TO_32_BIT_CONVERSION = YES;
				GCC_WARN_ABOUT_RETURN_TYPE = YES_ERROR;
				GCC_WARN_UNDECLARED_SELECTOR = YES;
				GCC_WARN_UNINITIALIZED_AUTOS = YES_AGGRESSIVE;
				GCC_WARN_UNUSED_FUNCTION = YES;
				GCC_WARN_UNUSED_VARIABLE = YES;
				IPHONEOS_DEPLOYMENT_TARGET = 11.2;
				MTL_ENABLE_DEBUG_INFO = NO;
				SDKROOT = iphoneos;
				SWIFT_OPTIMIZATION_LEVEL = "-Owholemodule";
				VALIDATE_PRODUCT = YES;
			};
			name = Release;
		};
		C32FBBC420E16246007AB3B8 /* Debug */ = {
			isa = XCBuildConfiguration;
			buildSettings = {
				ASSETCATALOG_COMPILER_APPICON_NAME = AppIcon;
				CODE_SIGN_STYLE = Automatic;
				DEVELOPMENT_TEAM = R6V3BT885K;
				INFOPLIST_FILE = "Table View/Info.plist";
				LD_RUNPATH_SEARCH_PATHS = "$(inherited) @executable_path/Frameworks";
				PRODUCT_BUNDLE_IDENTIFIER = "com.mlundy.Table-View";
				PRODUCT_NAME = "$(TARGET_NAME)";
				SWIFT_VERSION = 4.0;
				TARGETED_DEVICE_FAMILY = "1,2";
			};
			name = Debug;
		};
		C32FBBC520E16246007AB3B8 /* Release */ = {
			isa = XCBuildConfiguration;
			buildSettings = {
				ASSETCATALOG_COMPILER_APPICON_NAME = AppIcon;
				CODE_SIGN_STYLE = Automatic;
				DEVELOPMENT_TEAM = R6V3BT885K;
				INFOPLIST_FILE = "Table View/Info.plist";
				LD_RUNPATH_SEARCH_PATHS = "$(inherited) @executable_path/Frameworks";
				PRODUCT_BUNDLE_IDENTIFIER = "com.mlundy.Table-View";
				PRODUCT_NAME = "$(TARGET_NAME)";
				SWIFT_VERSION = 4.0;
				TARGETED_DEVICE_FAMILY = "1,2";
			};
			name = Release;
		};
		C32FBBC720E16246007AB3B8 /* Debug */ = {
			isa = XCBuildConfiguration;
			buildSettings = {
				ALWAYS_EMBED_SWIFT_STANDARD_LIBRARIES = YES;
				BUNDLE_LOADER = "$(TEST_HOST)";
				CODE_SIGN_STYLE = Automatic;
				DEVELOPMENT_TEAM = R6V3BT885K;
				INFOPLIST_FILE = "Table ViewTests/Info.plist";
				LD_RUNPATH_SEARCH_PATHS = "$(inherited) @executable_path/Frameworks @loader_path/Frameworks";
				PRODUCT_BUNDLE_IDENTIFIER = "com.mlundy.Table-ViewTests";
				PRODUCT_NAME = "$(TARGET_NAME)";
				SWIFT_VERSION = 4.0;
				TARGETED_DEVICE_FAMILY = "1,2";
				TEST_HOST = "$(BUILT_PRODUCTS_DIR)/Table View.app/Table View";
			};
			name = Debug;
		};
		C32FBBC820E16246007AB3B8 /* Release */ = {
			isa = XCBuildConfiguration;
			buildSettings = {
				ALWAYS_EMBED_SWIFT_STANDARD_LIBRARIES = YES;
				BUNDLE_LOADER = "$(TEST_HOST)";
				CODE_SIGN_STYLE = Automatic;
				DEVELOPMENT_TEAM = R6V3BT885K;
				INFOPLIST_FILE = "Table ViewTests/Info.plist";
				LD_RUNPATH_SEARCH_PATHS = "$(inherited) @executable_path/Frameworks @loader_path/Frameworks";
				PRODUCT_BUNDLE_IDENTIFIER = "com.mlundy.Table-ViewTests";
				PRODUCT_NAME = "$(TARGET_NAME)";
				SWIFT_VERSION = 4.0;
				TARGETED_DEVICE_FAMILY = "1,2";
				TEST_HOST = "$(BUILT_PRODUCTS_DIR)/Table View.app/Table View";
			};
			name = Release;
		};
		C32FBBCA20E16246007AB3B8 /* Debug */ = {
			isa = XCBuildConfiguration;
			buildSettings = {
				ALWAYS_EMBED_SWIFT_STANDARD_LIBRARIES = YES;
				CODE_SIGN_STYLE = Automatic;
				DEVELOPMENT_TEAM = R6V3BT885K;
				INFOPLIST_FILE = "Table ViewUITests/Info.plist";
				LD_RUNPATH_SEARCH_PATHS = "$(inherited) @executable_path/Frameworks @loader_path/Frameworks";
				PRODUCT_BUNDLE_IDENTIFIER = "com.mlundy.Table-ViewUITests";
				PRODUCT_NAME = "$(TARGET_NAME)";
				SWIFT_VERSION = 4.0;
				TARGETED_DEVICE_FAMILY = "1,2";
				TEST_TARGET_NAME = "Table View";
			};
			name = Debug;
		};
		C32FBBCB20E16246007AB3B8 /* Release */ = {
			isa = XCBuildConfiguration;
			buildSettings = {
				ALWAYS_EMBED_SWIFT_STANDARD_LIBRARIES = YES;
				CODE_SIGN_STYLE = Automatic;
				DEVELOPMENT_TEAM = R6V3BT885K;
				INFOPLIST_FILE = "Table ViewUITests/Info.plist";
				LD_RUNPATH_SEARCH_PATHS = "$(inherited) @executable_path/Frameworks @loader_path/Frameworks";
				PRODUCT_BUNDLE_IDENTIFIER = "com.mlundy.Table-ViewUITests";
				PRODUCT_NAME = "$(TARGET_NAME)";
				SWIFT_VERSION = 4.0;
				TARGETED_DEVICE_FAMILY = "1,2";
				TEST_TARGET_NAME = "Table View";
			};
			name = Release;
		};
/* End XCBuildConfiguration section */

/* Begin XCConfigurationList section */
		C32FBB9620E16245007AB3B8 /* Build configuration list for PBXProject "Table View" */ = {
			isa = XCConfigurationList;
			buildConfigurations = (
				C32FBBC120E16246007AB3B8 /* Debug */,
				C32FBBC220E16246007AB3B8 /* Release */,
			);
			defaultConfigurationIsVisible = 0;
			defaultConfigurationName = Release;
		};
		C32FBBC320E16246007AB3B8 /* Build configuration list for PBXNativeTarget "Table View" */ = {
			isa = XCConfigurationList;
			buildConfigurations = (
				C32FBBC420E16246007AB3B8 /* Debug */,
				C32FBBC520E16246007AB3B8 /* Release */,
			);
			defaultConfigurationIsVisible = 0;
			defaultConfigurationName = Release;
		};
		C32FBBC620E16246007AB3B8 /* Build configuration list for PBXNativeTarget "Table ViewTests" */ = {
			isa = XCConfigurationList;
			buildConfigurations = (
				C32FBBC720E16246007AB3B8 /* Debug */,
				C32FBBC820E16246007AB3B8 /* Release */,
			);
			defaultConfigurationIsVisible = 0;
			defaultConfigurationName = Release;
		};
		C32FBBC920E16246007AB3B8 /* Build configuration list for PBXNativeTarget "Table ViewUITests" */ = {
			isa = XCConfigurationList;
			buildConfigurations = (
				C32FBBCA20E16246007AB3B8 /* Debug */,
				C32FBBCB20E16246007AB3B8 /* Release */,
			);
			defaultConfigurationIsVisible = 0;
			defaultConfigurationName = Release;
		};
/* End XCConfigurationList section */
	};
	rootObject = C32FBB9320E16245007AB3B8 /* Project object */;
}
